
Microsoft Visual Studio Solution File, Format Version 12.00
# Visual Studio Version 17
VisualStudioVersion = 17.4.33213.308
MinimumVisualStudioVersion = 10.0.40219.1
Project("{FAE04EC0-301F-11D3-BF4B-00C04F79EFBC}") = "demoProject1", "demoProject1\demoProject1.csproj", "{2996E94C-60E3-4D6D-9276-5C505F679C60}"
EndProject
Global
	GlobalSection(SolutionConfigurationPlatforms) = preSolution
		Debug|Any CPU = Debug|Any CPU
		Release|Any CPU = Release|Any CPU
	EndGlobalSection
	GlobalSection(ProjectConfigurationPlatforms) = postSolution
		{2996E94C-60E3-4D6D-9276-5C505F679C60}.Debug|Any CPU.ActiveCfg = Debug|Any CPU
		{2996E94C-60E3-4D6D-9276-5C505F679C60}.Debug|Any CPU.Build.0 = Debug|Any CPU
		{2996E94C-60E3-4D6D-9276-5C505F679C60}.Release|Any CPU.ActiveCfg = Release|Any CPU
		{2996E94C-60E3-4D6D-9276-5C505F679C60}.Release|Any CPU.Build.0 = Release|Any CPU
	EndGlobalSection
	GlobalSection(SolutionProperties) = preSolution
		HideSolutionNode = FALSE
	EndGlobalSection
	GlobalSection(ExtensibilityGlobals) = postSolution
		SolutionGuid = {5ABEB8A9-4171-4C56-BF2A-A536A17075CF}
	EndGlobalSection
EndGlobal
